
Microsoft Visual Studio Solution File, Format Version 12.00
# Visual Studio Version 17
VisualStudioVersion = 17.7.34003.232
MinimumVisualStudioVersion = 10.0.40219.1
Project("{2150E333-8FDC-42A3-9474-1A3956D46DE8}") = "Services", "Services", "{D086CE8A-1CB7-4A82-9546-5DECF0A0699F}"
EndProject
Project("{2150E333-8FDC-42A3-9474-1A3956D46DE8}") = "Catalog", "Catalog", "{DAA29A66-8F0E-44D4-B95D-D4E968B873A6}"
EndProject
Project("{9A19103F-16F7-4668-BE54-9A1E7A4F7556}") = "Catalog.API", "Services\Catalog\Catalog.API\Catalog.API.csproj", "{D6217A70-4409-436F-839D-82BFEA9537C2}"
EndProject
Project("{2150E333-8FDC-42A3-9474-1A3956D46DE8}") = "BuildingBlocks", "BuildingBlocks", "{55E0236B-9D17-490E-947C-6D44F2C66168}"
EndProject
Project("{9A19103F-16F7-4668-BE54-9A1E7A4F7556}") = "BuildingBlocks", "BuildingBlocks\BuildingBlocks\BuildingBlocks.csproj", "{19D473BF-DA96-43A9-BA60-509E09AAF2CF}"
EndProject
Project("{E53339B2-1760-4266-BCC7-CA923CBCF16C}") = "docker-compose", "docker-compose.dcproj", "{F328F5F0-405C-40EB-9B7D-2BB068DCDCBB}"
EndProject
Project("{2150E333-8FDC-42A3-9474-1A3956D46DE8}") = "Basket", "Basket", "{33A6CC03-6994-4E5E-8AE0-8C8A7F119BE5}"
EndProject
Project("{FAE04EC0-301F-11D3-BF4B-00C04F79EFBC}") = "Basket.API", "Services\Basket\Basket.API\Basket.API.csproj", "{9FDB8B45-EC88-453C-8982-9C1C0ECF06D0}"
EndProject
Project("{2150E333-8FDC-42A3-9474-1A3956D46DE8}") = "Discount", "Discount", "{DBAD98D6-EE1B-46CF-B595-EB2DD259F77F}"
EndProject
Project("{FAE04EC0-301F-11D3-BF4B-00C04F79EFBC}") = "Discount.Grpc", "Services\Discount\Discount.Grpc\Discount.Grpc.csproj", "{B7AE62ED-859C-4073-B901-A377343A1B14}"
EndProject
Project("{2150E333-8FDC-42A3-9474-1A3956D46DE8}") = "Ordering", "Ordering", "{5238ED1E-E4CF-46CE-83C1-4A7FE717E06C}"
EndProject
Project("{FAE04EC0-301F-11D3-BF4B-00C04F79EFBC}") = "Ordering.API", "Services\Ordering\Orderin.API\Ordering.API.csproj", "{678A56D7-117A-45CE-B7F3-895388C17FE1}"
EndProject
Project("{FAE04EC0-301F-11D3-BF4B-00C04F79EFBC}") = "Ordering.Domain", "Services\Ordering\Ordering.Domain\Ordering.Domain.csproj", "{9E5F7137-18EA-44C6-9F0F-684BD6A477B2}"
EndProject
Project("{FAE04EC0-301F-11D3-BF4B-00C04F79EFBC}") = "Ordering.Application", "Services\Ordering\Ordering.Application\Ordering.Application.csproj", "{1561DC50-5D8B-4A44-BA65-33E8A7F612DA}"
EndProject
Project("{FAE04EC0-301F-11D3-BF4B-00C04F79EFBC}") = "Ordering.Infrastructure", "Services\Ordering\Ordering.Infrastructure\Ordering.Infrastructure.csproj", "{A4F48FC7-5568-47EE-B287-63CFE3F8F7F9}"
EndProject
Global
	GlobalSection(SolutionConfigurationPlatforms) = preSolution
		Debug|Any CPU = Debug|Any CPU
		Release|Any CPU = Release|Any CPU
	EndGlobalSection
	GlobalSection(ProjectConfigurationPlatforms) = postSolution
		{D6217A70-4409-436F-839D-82BFEA9537C2}.Debug|Any CPU.ActiveCfg = Debug|Any CPU
		{D6217A70-4409-436F-839D-82BFEA9537C2}.Debug|Any CPU.Build.0 = Debug|Any CPU
		{D6217A70-4409-436F-839D-82BFEA9537C2}.Release|Any CPU.ActiveCfg = Release|Any CPU
		{D6217A70-4409-436F-839D-82BFEA9537C2}.Release|Any CPU.Build.0 = Release|Any CPU
		{19D473BF-DA96-43A9-BA60-509E09AAF2CF}.Debug|Any CPU.ActiveCfg = Debug|Any CPU
		{19D473BF-DA96-43A9-BA60-509E09AAF2CF}.Debug|Any CPU.Build.0 = Debug|Any CPU
		{19D473BF-DA96-43A9-BA60-509E09AAF2CF}.Release|Any CPU.ActiveCfg = Release|Any CPU
		{19D473BF-DA96-43A9-BA60-509E09AAF2CF}.Release|Any CPU.Build.0 = Release|Any CPU
		{F328F5F0-405C-40EB-9B7D-2BB068DCDCBB}.Debug|Any CPU.ActiveCfg = Debug|Any CPU
		{F328F5F0-405C-40EB-9B7D-2BB068DCDCBB}.Debug|Any CPU.Build.0 = Debug|Any CPU
		{F328F5F0-405C-40EB-9B7D-2BB068DCDCBB}.Release|Any CPU.ActiveCfg = Release|Any CPU
		{F328F5F0-405C-40EB-9B7D-2BB068DCDCBB}.Release|Any CPU.Build.0 = Release|Any CPU
		{9FDB8B45-EC88-453C-8982-9C1C0ECF06D0}.Debug|Any CPU.ActiveCfg = Debug|Any CPU
		{9FDB8B45-EC88-453C-8982-9C1C0ECF06D0}.Debug|Any CPU.Build.0 = Debug|Any CPU
		{9FDB8B45-EC88-453C-8982-9C1C0ECF06D0}.Release|Any CPU.ActiveCfg = Release|Any CPU
		{9FDB8B45-EC88-453C-8982-9C1C0ECF06D0}.Release|Any CPU.Build.0 = Release|Any CPU
		{B7AE62ED-859C-4073-B901-A377343A1B14}.Debug|Any CPU.ActiveCfg = Debug|Any CPU
		{B7AE62ED-859C-4073-B901-A377343A1B14}.Debug|Any CPU.Build.0 = Debug|Any CPU
		{B7AE62ED-859C-4073-B901-A377343A1B14}.Release|Any CPU.ActiveCfg = Release|Any CPU
		{B7AE62ED-859C-4073-B901-A377343A1B14}.Release|Any CPU.Build.0 = Release|Any CPU
		{678A56D7-117A-45CE-B7F3-895388C17FE1}.Debug|Any CPU.ActiveCfg = Debug|Any CPU
		{678A56D7-117A-45CE-B7F3-895388C17FE1}.Debug|Any CPU.Build.0 = Debug|Any CPU
		{678A56D7-117A-45CE-B7F3-895388C17FE1}.Release|Any CPU.ActiveCfg = Release|Any CPU
		{678A56D7-117A-45CE-B7F3-895388C17FE1}.Release|Any CPU.Build.0 = Release|Any CPU
		{9E5F7137-18EA-44C6-9F0F-684BD6A477B2}.Debug|Any CPU.ActiveCfg = Debug|Any CPU
		{9E5F7137-18EA-44C6-9F0F-684BD6A477B2}.Debug|Any CPU.Build.0 = Debug|Any CPU
		{9E5F7137-18EA-44C6-9F0F-684BD6A477B2}.Release|Any CPU.ActiveCfg = Release|Any CPU
		{9E5F7137-18EA-44C6-9F0F-684BD6A477B2}.Release|Any CPU.Build.0 = Release|Any CPU
		{1561DC50-5D8B-4A44-BA65-33E8A7F612DA}.Debug|Any CPU.ActiveCfg = Debug|Any CPU
		{1561DC50-5D8B-4A44-BA65-33E8A7F612DA}.Debug|Any CPU.Build.0 = Debug|Any CPU
		{1561DC50-5D8B-4A44-BA65-33E8A7F612DA}.Release|Any CPU.ActiveCfg = Release|Any CPU
		{1561DC50-5D8B-4A44-BA65-33E8A7F612DA}.Release|Any CPU.Build.0 = Release|Any CPU
		{A4F48FC7-5568-47EE-B287-63CFE3F8F7F9}.Debug|Any CPU.ActiveCfg = Debug|Any CPU
		{A4F48FC7-5568-47EE-B287-63CFE3F8F7F9}.Debug|Any CPU.Build.0 = Debug|Any CPU
		{A4F48FC7-5568-47EE-B287-63CFE3F8F7F9}.Release|Any CPU.ActiveCfg = Release|Any CPU
		{A4F48FC7-5568-47EE-B287-63CFE3F8F7F9}.Release|Any CPU.Build.0 = Release|Any CPU
	EndGlobalSection
	GlobalSection(SolutionProperties) = preSolution
		HideSolutionNode = FALSE
	EndGlobalSection
	GlobalSection(NestedProjects) = preSolution
		{DAA29A66-8F0E-44D4-B95D-D4E968B873A6} = {D086CE8A-1CB7-4A82-9546-5DECF0A0699F}
		{D6217A70-4409-436F-839D-82BFEA9537C2} = {DAA29A66-8F0E-44D4-B95D-D4E968B873A6}
		{19D473BF-DA96-43A9-BA60-509E09AAF2CF} = {55E0236B-9D17-490E-947C-6D44F2C66168}
		{33A6CC03-6994-4E5E-8AE0-8C8A7F119BE5} = {D086CE8A-1CB7-4A82-9546-5DECF0A0699F}
		{9FDB8B45-EC88-453C-8982-9C1C0ECF06D0} = {33A6CC03-6994-4E5E-8AE0-8C8A7F119BE5}
		{DBAD98D6-EE1B-46CF-B595-EB2DD259F77F} = {D086CE8A-1CB7-4A82-9546-5DECF0A0699F}
		{B7AE62ED-859C-4073-B901-A377343A1B14} = {DBAD98D6-EE1B-46CF-B595-EB2DD259F77F}
		{5238ED1E-E4CF-46CE-83C1-4A7FE717E06C} = {D086CE8A-1CB7-4A82-9546-5DECF0A0699F}
		{678A56D7-117A-45CE-B7F3-895388C17FE1} = {5238ED1E-E4CF-46CE-83C1-4A7FE717E06C}
		{9E5F7137-18EA-44C6-9F0F-684BD6A477B2} = {5238ED1E-E4CF-46CE-83C1-4A7FE717E06C}
		{1561DC50-5D8B-4A44-BA65-33E8A7F612DA} = {5238ED1E-E4CF-46CE-83C1-4A7FE717E06C}
		{A4F48FC7-5568-47EE-B287-63CFE3F8F7F9} = {5238ED1E-E4CF-46CE-83C1-4A7FE717E06C}
	EndGlobalSection
	GlobalSection(ExtensibilityGlobals) = postSolution
		SolutionGuid = {0E9F9F1A-0DCF-4EAF-B31B-33CBB80BB85B}
	EndGlobalSection
EndGlobal
